github.com/antchfx/xmlquery v1.4.0 h1:xg2HkfcRK2TeTbdb0m1jxCYnvsPaGY/oeZWTGqX/0hA=
github.com/antchfx/xmlquery v1.4.0/go.mod h1:Ax2aeaeDjfIw3CwXKDQ0GkwZ6QlxoChlIBP+mGnDFjI=
github.com/antchfx/xpath v1.3.0 h1:nTMlzGAK3IJ0bPpME2urTuFL76o4A96iYvoKFHRXJgc=
github.com/antchfx/xpath v1.3.0/go.mod h1:i54GszH55fYfBmoZXapTHN8T8tkcHfRgLyVwwqzXNcs=
github.com/aws/aws-sdk-go-v2 v1.27.0 h1:7bZWKoXhzI+mMR/HjdMx8ZCC5+6fY0lS5tr0bbgiLlo=
github.com/aws/aws-sdk-go-v2 v1.27.0/go.mod h1:ffIFB97e2yNsv4aTSGkqtHnppsIJzw7G7BReUZ3jCXM=
github.com/aws/aws-sdk-go-v2/aws/protocol/eventstream v1.6.2 h1:x6xsQXGSmW6frevwDA+vi/wqhp1ct18mVXYN08/93to=
github.com/aws/aws-sdk-go-v2/aws/protocol/eventstream v1.6.2/go.mod h1:lPprDr1e6cJdyYeGXnRaJoP4Md+cDBvi2eOj00BlGmg=
github.com/aws/aws-sdk-go-v2/config v1.27.16 h1:knpCuH7laFVGYTNd99Ns5t+8PuRjDn4HnnZK48csipM=
github.com/aws/aws-sdk-go-v2/config v1.27.16/go.mod h1:vutqgRhDUktwSge3hrC3nkuirzkJ4E/mLj5GvI0BQas=
github.com/aws/aws-sdk-go-v2/credentials v1.17.16 h1:7d2QxY83uYl0l58ceyiSpxg9bSbStqBC6BeEeHEchwo=
github.com/aws/aws-sdk-go-v2/credentials v1.17.16/go.mod h1:Ae6li/6Yc6eMzysRL2BXlPYvnrLLBg3D11/AmOjw50k=
github.com/aws/aws-sdk-go-v2/feature/ec2/imds v1.16.3 h1:dQLK4TjtnlRGb0czOht2CevZ5l6RSyRWAnKeGd7VAFE=
github.com/aws/aws-sdk-go-v2/feature/ec2/imds v1.16.3/go.mod h1:TL79f2P6+8Q7dTsILpiVST+AL9lkF6PPGI167Ny0Cjw=
github.com/aws/aws-sdk-go-v2/feature/s3/manager v1.16.21 h1:1v8Ii0MRVGYB/sdhkbxrtolCA7Tp+lGh+5OJTs5vmZ8=
github.com/aws/aws-sdk-go-v2/feature/s3/manager v1.16.21/go.mod h1:cxdd1rc8yxCjKz28hi30XN1jDXr2DxZvD44vLxTz/bg=
github.com/aws/aws-sdk-go-v2/internal/configsources v1.3.7 h1:lf/8VTF2cM+N4SLzaYJERKEWAXq8MOMpZfU6wEPWsPk=
github.com/aws/aws-sdk-go-v2/internal/configsources v1.3.7/go.mod h1:4SjkU7QiqK2M9oozyMzfZ/23LmUY+h3oFqhdeP5OMiI=
github.com/aws/aws-sdk-go-v2/internal/endpoints/v2 v2.6.7 h1:4OYVp0705xu8yjdyoWix0r9wPIRXnIzzOoUpQVHIJ/g=
github.com/aws/aws-sdk-go-v2/internal/endpoints/v2 v2.6.7/go.mod h1:vd7ESTEvI76T2Na050gODNmNU7+OyKrIKroYTu4ABiI=
github.com/aws/aws-sdk-go-v2/internal/ini v1.8.0 h1:hT8rVHwugYE2lEfdFE0QWVo81lF7jMrYJVDWI+f+VxU=
github.com/aws/aws-sdk-go-v2/internal/ini v1.8.0/go.mod h1:8tu/lYfQfFe6IGnaOdrpVgEL2IrrDOf6/m9RQum4NkY=
github.com/aws/aws-sdk-go-v2/internal/v4a v1.3.7 h1:/FUtT3xsoHO3cfh+I/kCbcMCN98QZRsiFet/V8QkWSs=
github.com/aws/aws-sdk-go-v2/internal/v4a v1.3.7/go.mod h1:MaCAgWpGooQoCWZnMur97rGn5dp350w2+CeiV5406wE=
github.com/aws/aws-sdk-go-v2/service/internal/accept-encoding v1.11.2 h1:Ji0DY1xUsUr3I8cHps0G+XM3WWU16lP6yG8qu1GAZAs=
github.com/aws/aws-sdk-go-v2/service/internal/accept-encoding v1.11.2/go.mod h1:5CsjAbs3NlGQyZNFACh+zztPDI7fU6eW9QsxjfnuBKg=
github.com/aws/aws-sdk-go-v2/service/internal/checksum v1.3.9 h1:UXqEWQI0n+q0QixzU0yUUQBZXRd5037qdInTIHFTl98=
github.com/aws/aws-sdk-go-v2/service/internal/checksum v1.3.9/go.mod h1:xP6Gq6fzGZT8w/ZN+XvGMZ2RU1LeEs7b2yUP5DN8NY4=
github.com/aws/aws-sdk-go-v2/service/internal/presigned-url v1.11.9 h1:Wx0rlZoEJR7JwlSZcHnEa7CNjrSIyVxMFWGAaXy4fJY=
github.com/aws/aws-sdk-go-v2/service/internal/presigned-url v1.11.9/go.mod h1:aVMHdE0aHO3v+f/iw01fmXV/5DbfQ3Bi9nN7nd9bE9Y=
github.com/aws/aws-sdk-go-v2/service/internal/s3shared v1.17.7 h1:uO5XR6QGBcmPyo2gxofYJLFkcVQ4izOoGDNenlZhTEk=
github.com/aws/aws-sdk-go-v2/service/internal/s3shared v1.17.7/go.mod h1:feeeAYfAcwTReM6vbwjEyDmiGho+YgBhaFULuXDW8kc=
github.com/aws/aws-sdk-go-v2/service/s3 v1.54.3 h1:57NtjG+WLims0TxIQbjTqebZUKDM03DfM11ANAekW0s=
github.com/aws/aws-sdk-go-v2/service/s3 v1.54.3/go.mod h1:739CllldowZiPPsDFcJHNF4FXrVxaSGVnZ9Ez9Iz9hc=
github.com/aws/aws-sdk-go-v2/service/sso v1.20.9 h1:aD7AGQhvPuAxlSUfo0CWU7s6FpkbyykMhGYMvlqTjVs=
github.com/aws/aws-sdk-go-v2/service/sso v1.20.9/go.mod h1:c1qtZUWtygI6ZdvKppzCSXsDOq5I4luJPZ0Ud3juFCA=
github.com/aws/aws-sdk-go-v2/service/ssooidc v1.24.3 h1:Pav5q3cA260Zqez42T9UhIlsd9QeypszRPwC9LdSSsQ=
github.com/aws/aws-sdk-go-v2/service/ssooidc v1.24.3/go.mod h1:9lmoVDVLz/yUZwLaQ676TK02fhCu4+PgRSmMaKR1ozk=
github.com/aws/aws-sdk-go-v2/service/sts v1.28.10 h1:69tpbPED7jKPyzMcrwSvhWcJ9bPnZsZs18NT40JwM0g=
github.com/aws/aws-sdk-go-v2/service/sts v1.28.10/go.mod h1:0Aqn1MnEuitqfsCNyKsdKLhDUOr4txD/g19EfiUqgws=
github.com/aws/smithy-go v1.20.2 h1:tbp628ireGtzcHDDmLT/6ADHidqnwgF57XOXZe6tp4Q=
github.com/aws/smithy-go v1.20.2/go.mod h1:krry+ya/rV9RDcV/Q16kpu6ypI4K2czasz0NC3qS14E=
github.com/davecgh/go-spew v1.1.0/go.mod h1:J7Y8YcW2NihsgmVo/mv3lAwl/skON4iLHjSsI+c5H38=
github.com/davecgh/go-spew v1.1.1 h1:vj9j/u1bqnvCEfJOwUhtlOARqs3+rkHYY13jYWTU97c=
github.com/davecgh/go-spew v1.1.1/go.mod h1:J7Y8YcW2NihsgmVo/mv3lAwl/skON4iLHjSsI+c5H38=
github.com/deploymenttheory/go-api-http-client v0.1.43-0.20240603142132-2108676acbb3 h1:heq3VWREcZP7jLZzmxsikFrV5qRTzbktooyUgOsaP/Y=
github.com/deploymenttheory/go-api-http-client v0.1.43-0.20240603142132-2108676acbb3/go.mod h1:a50wmpzDKITI2xAF3mg0JY/JojnBfvCt7y3IPROkPj4=
github.com/deploymenttheory/go-api-http-client v0.1.43-0.20240604082231-177d7db698fc h1:z/4EsZ2GiKfgEA8V5f0HcXwEkMteaj8BnoX3dxVBeLA=
github.com/deploymenttheory/go-api-http-client v0.1.43-0.20240604082231-177d7db698fc/go.mod h1:a50wmpzDKITI2xAF3mg0JY/JojnBfvCt7y3IPROkPj4=
github.com/deploymenttheory/go-api-http-client v0.1.43-0.20240604085934-428e2e962302 h1:rJm7ieWcEfgMYPS6zE22TqW066BzdfK7z8TtRzLaCIM=
github.com/deploymenttheory/go-api-http-client v0.1.43-0.20240604085934-428e2e962302/go.mod h1:a50wmpzDKITI2xAF3mg0JY/JojnBfvCt7y3IPROkPj4=
github.com/deploymenttheory/go-api-http-client v0.1.43-0.20240604090246-03b8e57abb69 h1:9N2ivDzM54+r1q/PjqlqBkuDWXhNHEO+gApBI4aVktM=
github.com/deploymenttheory/go-api-http-client v0.1.43-0.20240604090246-03b8e57abb69/go.mod h1:a50wmpzDKITI2xAF3mg0JY/JojnBfvCt7y3IPROkPj4=
github.com/deploymenttheory/go-api-http-client v0.1.43-0.20240604090524-50e2f4eb4368 h1:L5Bz7QKaBLHtJsA39kwh1EiNyGPxNSz8eGxXpaI6G8w=
github.com/deploymenttheory/go-api-http-client v0.1.43-0.20240604090524-50e2f4eb4368/go.mod h1:a50wmpzDKITI2xAF3mg0JY/JojnBfvCt7y3IPROkPj4=
github.com/deploymenttheory/go-api-http-client v0.1.43-0.20240604093502-2ca36f149e7b h1:faUv+IRy8kiN9GYQXQ3EsY+famGl664k78MY1ITYZ3Y=
github.com/deploymenttheory/go-api-http-client v0.1.43-0.20240604093502-2ca36f149e7b/go.mod h1:a50wmpzDKITI2xAF3mg0JY/JojnBfvCt7y3IPROkPj4=
github.com/deploymenttheory/go-api-http-client v0.1.43-0.20240604094618-2995119c1453 h1:Y916F8GWFNNJHYCiIFzAbtdhyCnNw1PLrImTDP9wZqo=
github.com/deploymenttheory/go-api-http-client v0.1.43-0.20240604094618-2995119c1453/go.mod h1:a50wmpzDKITI2xAF3mg0JY/JojnBfvCt7y3IPROkPj4=
github.com/deploymenttheory/go-api-http-client v0.1.43-0.20240604094804-52fc3610f157 h1:V/cG+uuzvWXRXzxETyFQOmhZHJU0USeskHK+WAstzp4=
github.com/deploymenttheory/go-api-http-client v0.1.43-0.20240604094804-52fc3610f157/go.mod h1:a50wmpzDKITI2xAF3mg0JY/JojnBfvCt7y3IPROkPj4=
github.com/deploymenttheory/go-api-http-client v0.1.43-0.20240604094921-b922f370ea91 h1:gVGN9Yv4avbEwibqg+YftLia7QPT2S1bZxmn9ZS/5I0=
github.com/deploymenttheory/go-api-http-client v0.1.43-0.20240604094921-b922f370ea91/go.mod h1:a50wmpzDKITI2xAF3mg0JY/JojnBfvCt7y3IPROkPj4=
github.com/deploymenttheory/go-api-http-client v0.1.43-0.20240604100343-2ee5402c3fcc h1:/LuvlXAH6TCJO9pwO5F1rldMh5lcJXHJUPgbE8l+nwI=
github.com/deploymenttheory/go-api-http-client v0.1.43-0.20240604100343-2ee5402c3fcc/go.mod h1:a50wmpzDKITI2xAF3mg0JY/JojnBfvCt7y3IPROkPj4=
github.com/deploymenttheory/go-api-http-client v0.1.43-0.20240604101250-c84c2a51999c h1:/K1HYFbE79/Rr9gtaET4qo7k3uS015TqZp+ZxyHKn5A=
github.com/deploymenttheory/go-api-http-client v0.1.43-0.20240604101250-c84c2a51999c/go.mod h1:a50wmpzDKITI2xAF3mg0JY/JojnBfvCt7y3IPROkPj4=
github.com/deploymenttheory/go-api-http-client v0.1.43-0.20240604102004-d127ebe604bf h1:LaISoZSx+Vt5HgHQFlktB9x4WEwyW+WaUB1FjcsmBNY=
github.com/deploymenttheory/go-api-http-client v0.1.43-0.20240604102004-d127ebe604bf/go.mod h1:a50wmpzDKITI2xAF3mg0JY/JojnBfvCt7y3IPROkPj4=
github.com/deploymenttheory/go-api-http-client v0.1.43-0.20240604102143-2d1701c3012f h1:vvQi47+B+Ew30Hz8Gg2mL+HVl9EKUY4lkDUbRb6QosI=
github.com/deploymenttheory/go-api-http-client v0.1.43-0.20240604102143-2d1701c3012f/go.mod h1:a50wmpzDKITI2xAF3mg0JY/JojnBfvCt7y3IPROkPj4=
github.com/deploymenttheory/go-api-http-client v0.1.43-0.20240604105828-bd9f982200c6 h1:kXqmophVnNbdImFjoweQYeK5W4CcvUxJOEB5PXz36yU=
github.com/deploymenttheory/go-api-http-client v0.1.43-0.20240604105828-bd9f982200c6/go.mod h1:a50wmpzDKITI2xAF3mg0JY/JojnBfvCt7y3IPROkPj4=
github.com/deploymenttheory/go-api-http-client v0.1.43-0.20240604110308-4c67a7e7c0dd h1:evqESRzfKwWfCzBO2aLIWjmWVBIGLtlKZUBW8fo1xbQ=
github.com/deploymenttheory/go-api-http-client v0.1.43-0.20240604110308-4c67a7e7c0dd/go.mod h1:a50wmpzDKITI2xAF3mg0JY/JojnBfvCt7y3IPROkPj4=
github.com/deploymenttheory/go-api-http-client v0.1.43-0.20240604110441-80f3b9c9b172 h1:X14teXmcV6dlvz6luZhZu145Du020Sd6wdDPF6nS7J4=
github.com/deploymenttheory/go-api-http-client v0.1.43-0.20240604110441-80f3b9c9b172/go.mod h1:a50wmpzDKITI2xAF3mg0JY/JojnBfvCt7y3IPROkPj4=
github.com/deploymenttheory/go-api-http-client v0.1.43-0.20240604110822-b579e2c1f9a8 h1:jG9JEH1aMkSDmdVtLtpRPvWSCqp3Y1FtcKrTJBfOZLE=
github.com/deploymenttheory/go-api-http-client v0.1.43-0.20240604110822-b579e2c1f9a8/go.mod h1:a50wmpzDKITI2xAF3mg0JY/JojnBfvCt7y3IPROkPj4=
github.com/deploymenttheory/go-api-http-client v0.1.43-0.20240604111343-966b6ed62102 h1:+dNQ2P2nlUbXT4pz5xZy5PR5IYAAbdhCqUToFEnPDAU=
github.com/deploymenttheory/go-api-http-client v0.1.43-0.20240604111343-966b6ed62102/go.mod h1:a50wmpzDKITI2xAF3mg0JY/JojnBfvCt7y3IPROkPj4=
github.com/deploymenttheory/go-api-http-client v0.1.43-0.20240604112530-ecd067b8292e h1:yssJbo2F9x7hQi8d35LZf8BhQa8bRtMkV44PH/N/1H4=
github.com/deploymenttheory/go-api-http-client v0.1.43-0.20240604112530-ecd067b8292e/go.mod h1:a50wmpzDKITI2xAF3mg0JY/JojnBfvCt7y3IPROkPj4=
github.com/deploymenttheory/go-api-http-client v0.1.50 h1:BpOWUf2yQxnsOPM0zey7QHctvn0yRZsbV4kpbfD8DT8=
github.com/deploymenttheory/go-api-http-client v0.1.50/go.mod h1:a50wmpzDKITI2xAF3mg0JY/JojnBfvCt7y3IPROkPj4=
github.com/deploymenttheory/go-api-http-client-integration-jamfpro v0.0.0-20240603154053-78f88cb1ab00 h1:T1N0QDFoL81OH/ouZsLNYTsyUJXbfO2PyR5nBrmG2xs=
github.com/deploymenttheory/go-api-http-client-integration-jamfpro v0.0.0-20240603154053-78f88cb1ab00/go.mod h1:57h5+i4v167pAEg6fLwJ0r0obHguEh15v2fNasqUl7Y=
github.com/deploymenttheory/go-api-http-client-integration-jamfpro v0.0.0-20240604083234-117d58d6a3aa h1:wD4BVlP/2jpQsYS5NlQ/uODSm7j9A01oSXyjZI4+Rl4=
github.com/deploymenttheory/go-api-http-client-integration-jamfpro v0.0.0-20240604083234-117d58d6a3aa/go.mod h1:57h5+i4v167pAEg6fLwJ0r0obHguEh15v2fNasqUl7Y=
github.com/deploymenttheory/go-api-http-client-integration-jamfpro v0.0.0-20240604083328-eb7bb1265634 h1:X5TFJTa1SlEMg8F+5a3F6vvzEEv/e0XStEGRKDr1yGU=
github.com/deploymenttheory/go-api-http-client-integration-jamfpro v0.0.0-20240604083328-eb7bb1265634/go.mod h1:57h5+i4v167pAEg6fLwJ0r0obHguEh15v2fNasqUl7Y=
github.com/deploymenttheory/go-api-http-client-integration-jamfpro v0.0.0-20240604083510-3e74096f221f h1:tuE9OrzOD+9peOVUbfWfkVpvENLsBZE9+nfByQrHM3I=
github.com/deploymenttheory/go-api-http-client-integration-jamfpro v0.0.0-20240604083510-3e74096f221f/go.mod h1:57h5+i4v167pAEg6fLwJ0r0obHguEh15v2fNasqUl7Y=
github.com/deploymenttheory/go-api-http-client-integration-jamfpro v0.0.0-20240604100209-ccf4e11296e0 h1:CEDBdRmKmUuCLnunWEkyMBKrkLLhnmje0LIdLb+iYWY=
github.com/deploymenttheory/go-api-http-client-integration-jamfpro v0.0.0-20240604100209-ccf4e11296e0/go.mod h1:57h5+i4v167pAEg6fLwJ0r0obHguEh15v2fNasqUl7Y=
github.com/deploymenttheory/go-api-http-client-integration-jamfpro v0.0.0-20240604101723-8ff701de6355 h1:c8LrkNxEdf8SY3cJ+ryX2GyUwOgc7PdRlhx5wuyOQ54=
github.com/deploymenttheory/go-api-http-client-integration-jamfpro v0.0.0-20240604101723-8ff701de6355/go.mod h1:57h5+i4v167pAEg6fLwJ0r0obHguEh15v2fNasqUl7Y=
github.com/deploymenttheory/go-api-http-client-integration-jamfpro v0.0.0-20240604101844-45fc4b133516 h1:chJDMCbNyWkq/+8lMl2DHV8bhBMk79GD2ysibE+OD3U=
github.com/deploymenttheory/go-api-http-client-integration-jamfpro v0.0.0-20240604101844-45fc4b133516/go.mod h1:57h5+i4v167pAEg6fLwJ0r0obHguEh15v2fNasqUl7Y=
github.com/deploymenttheory/go-api-http-client-integration-jamfpro v0.0.0-20240604102634-89a302d476c9 h1:uFjMLMGpZdnCiScaxZ7XQpxqYzwLxKTRsuOQn3d0qaI=
github.com/deploymenttheory/go-api-http-client-integration-jamfpro v0.0.0-20240604102634-89a302d476c9/go.mod h1:57h5+i4v167pAEg6fLwJ0r0obHguEh15v2fNasqUl7Y=
github.com/deploymenttheory/go-api-http-client-integration-jamfpro v0.0.0-20240604102801-729960002ea6 h1:XoVNZM1Xt0X8ubUoTl7pDgPK8ZHV13kDP/OVDQXj9QY=
github.com/deploymenttheory/go-api-http-client-integration-jamfpro v0.0.0-20240604102801-729960002ea6/go.mod h1:57h5+i4v167pAEg6fLwJ0r0obHguEh15v2fNasqUl7Y=
github.com/deploymenttheory/go-api-http-client-integration-jamfpro v0.0.0-20240604102930-e505b754a75d h1:VixKrrq+vEO0kD1RdHEHlvfMGYwWT/jnrhNMF0pwVAI=
github.com/deploymenttheory/go-api-http-client-integration-jamfpro v0.0.0-20240604102930-e505b754a75d/go.mod h1:57h5+i4v167pAEg6fLwJ0r0obHguEh15v2fNasqUl7Y=
github.com/deploymenttheory/go-api-http-client-integration-jamfpro v0.0.0-20240604103020-d7d0866873e2 h1:TAyRRgtyEgYZxvjJa6UcxcNxbJwzeos+u7mtDdf4Guk=
github.com/deploymenttheory/go-api-http-client-integration-jamfpro v0.0.0-20240604103020-d7d0866873e2/go.mod h1:57h5+i4v167pAEg6fLwJ0r0obHguEh15v2fNasqUl7Y=
github.com/deploymenttheory/go-api-http-client-integration-jamfpro v0.0.0-20240604103254-52eed6c1639c h1:Yi/Zh1VuhtQfGNbwnVF1GX+U9e1CIEQbCWRPzljiCjU=
github.com/deploymenttheory/go-api-http-client-integration-jamfpro v0.0.0-20240604103254-52eed6c1639c/go.mod h1:57h5+i4v167pAEg6fLwJ0r0obHguEh15v2fNasqUl7Y=
github.com/deploymenttheory/go-api-http-client-integration-jamfpro v0.0.0-20240604103533-5225bb3ab0b6 h1:0ISFRZZJ+nlBznX0GQ584IA0RZrmUB334XauXKapb8Q=
github.com/deploymenttheory/go-api-http-client-integration-jamfpro v0.0.0-20240604103533-5225bb3ab0b6/go.mod h1:57h5+i4v167pAEg6fLwJ0r0obHguEh15v2fNasqUl7Y=
github.com/deploymenttheory/go-api-http-client-integration-jamfpro v0.0.0-20240604103747-6009457ad01d h1:tTiMKpcJjkpuS3wG7ZYWqvczaoXvNCtlvLYf6wnD4SE=
github.com/deploymenttheory/go-api-http-client-integration-jamfpro v0.0.0-20240604103747-6009457ad01d/go.mod h1:57h5+i4v167pAEg6fLwJ0r0obHguEh15v2fNasqUl7Y=
github.com/deploymenttheory/go-api-http-client-integration-jamfpro v0.0.0-20240604103854-e8a56a744222 h1:+J4YTfgtyCEufshoWniPZXe+c3Q4NrAaO2LrlSkiOcg=
github.com/deploymenttheory/go-api-http-client-integration-jamfpro v0.0.0-20240604103854-e8a56a744222/go.mod h1:57h5+i4v167pAEg6fLwJ0r0obHguEh15v2fNasqUl7Y=
github.com/deploymenttheory/go-api-http-client-integration-jamfpro v0.0.0-20240604110219-9ff1bf9b6b63 h1:swi72kC5fJ6i6ia0e6GJ5SpnzaMrmgfrGGtcNHkKHq4=
github.com/deploymenttheory/go-api-http-client-integration-jamfpro v0.0.0-20240604110219-9ff1bf9b6b63/go.mod h1:57h5+i4v167pAEg6fLwJ0r0obHguEh15v2fNasqUl7Y=
github.com/deploymenttheory/go-api-http-client-integration-jamfpro v0.0.0-20240604110548-3c44ac30aeba h1:XqoSM01yjMwMgXy0dJ6izGrBu4nZ+fRaSEpoIEuUa24=
github.com/deploymenttheory/go-api-http-client-integration-jamfpro v0.0.0-20240604110548-3c44ac30aeba/go.mod h1:57h5+i4v167pAEg6fLwJ0r0obHguEh15v2fNasqUl7Y=
github.com/deploymenttheory/go-api-http-client-integration-jamfpro v0.0.0-20240604111321-d1bb4ed8ec3d h1:epLXh7iNyIjCIOE4L96fzZ3cH40XIzZxHbtvPR46y5I=
github.com/deploymenttheory/go-api-http-client-integration-jamfpro v0.0.0-20240604111321-d1bb4ed8ec3d/go.mod h1:57h5+i4v167pAEg6fLwJ0r0obHguEh15v2fNasqUl7Y=
github.com/deploymenttheory/go-api-http-client-integration-jamfpro v0.0.0-20240604112229-77641fe2ca3d h1:U6Y9lbaPF9ujggXG3MWYktRPvDh+xybIWZ5952yOlK8=
github.com/deploymenttheory/go-api-http-client-integration-jamfpro v0.0.0-20240604112229-77641fe2ca3d/go.mod h1:57h5+i4v167pAEg6fLwJ0r0obHguEh15v2fNasqUl7Y=
github.com/deploymenttheory/go-api-sdk-jamfpro v1.6.14-0.20240604083834-975ceaa722fa h1:wUyCfU1B+a4eAYFXXwAo2HzyrvbxSdvOWDsAoDo+ORQ=
github.com/deploymenttheory/go-api-sdk-jamfpro v1.6.14-0.20240604083834-975ceaa722fa/go.mod h1:j1okaB4JE4aY/ardCq5fvVIdbL1TTuKQpsP+I2MJdjI=
github.com/deploymenttheory/go-api-sdk-jamfpro v1.6.15 h1:NnyVD/rEl37XT5l13ZMOC2b8f0FM7qEnB4KVb0AaOM4=
github.com/deploymenttheory/go-api-sdk-jamfpro v1.6.15/go.mod h1:u6g0GLByNpVtF7o6uSJBM1rl9FZPizANTa6FnCgwXqs=
github.com/golang/groupcache v0.0.0-20210331224755-41bb18bfe9da h1:oI5xCqsCo564l8iNU+DwB5epxmsaqB+rhGL0m5jtYqE=
github.com/golang/groupcache v0.0.0-20210331224755-41bb18bfe9da/go.mod h1:cIg4eruTrX1D+g88fzRXU5OdNfaM+9IcxsU14FzY7Hc=
github.com/google/uuid v1.6.0 h1:NIvaJDMOsjHA8n1jAhLSgzrAzy1Hgr+hNrb57e+94F0=
github.com/google/uuid v1.6.0/go.mod h1:TIyPZe4MgqvfeYDBFedMoGGpEw/LqOeaOT+nhxU+yHo=
github.com/jmespath/go-jmespath v0.4.0 h1:BEgLn5cpjn8UN1mAw4NjwDrS35OdebyEtFe+9YPoQUg=
github.com/jmespath/go-jmespath v0.4.0/go.mod h1:T8mJZnbsbmF+m6zOOFylbeCJqk5+pHWvzYPziyZiYoo=
github.com/jmespath/go-jmespath/internal/testify v1.5.1 h1:shLQSRRSCCPj3f2gpwzGwWFoC7ycTf1rcQZHOlsJ6N8=
github.com/jmespath/go-jmespath/internal/testify v1.5.1/go.mod h1:L3OGu8Wl2/fWfCI6z80xFu9LTZmf1ZRjMHUOPmWr69U=
github.com/mitchellh/mapstructure v1.5.0 h1:jeMsZIYE/09sWLaz43PL7Gy6RuMjD2eJVyuac5Z2hdY=
github.com/mitchellh/mapstructure v1.5.0/go.mod h1:bFUtVrKA4DC2yAKiSyO/QUcy7e+RRV2QTWOzhPopBRo=
github.com/pmezard/go-difflib v1.0.0 h1:4DBwDE0NGyQoBHbLQYPwSUPoCMWR5BEzIk/f1lZbAQM=
github.com/pmezard/go-difflib v1.0.0/go.mod h1:iKH77koFhYxTK1pcRnkKkqfTogsbg7gZNVY4sRDYZ/4=
github.com/stretchr/objx v0.1.0/go.mod h1:HFkY916IF+rwdDfMAkV7OtwuqBVzrE8GR6GFx+wExME=
github.com/stretchr/objx v0.5.2 h1:xuMeJ0Sdp5ZMRXx/aWO6RZxdr3beISkG5/G/aIRr3pY=
github.com/stretchr/objx v0.5.2/go.mod h1:FRsXN1f5AsAjCGJKqEizvkpNtU+EGNCLh3NxZ/8L+MA=
github.com/stretchr/testify v1.9.0 h1:HtqpIVDClZ4nwg75+f6Lvsy/wHu+3BoSGCbBAcpTsTg=
github.com/stretchr/testify v1.9.0/go.mod h1:r2ic/lqez/lEtzL7wO/rwa5dbSLXVDPFyf8C91i36aY=
github.com/yuin/goldmark v1.4.13/go.mod h1:6yULJ656Px+3vBD8DxQVa3kxgyrAnzto9xy5taEt/CY=
go.uber.org/goleak v1.3.0 h1:2K3zAYmnTNqV73imy9J1T3WC+gmCePx2hEGkimedGto=
go.uber.org/goleak v1.3.0/go.mod h1:CoHD4mav9JJNrW/WLlf7HGZPjdw8EucARQHekz1X6bE=
go.uber.org/multierr v1.11.0 h1:blXXJkSxSSfBVBlC76pxqeO+LN3aDfLQo+309xJstO0=
go.uber.org/multierr v1.11.0/go.mod h1:20+QtiLqy0Nd6FdQB9TLXag12DsQkrbs3htMFfDN80Y=
go.uber.org/zap v1.27.0 h1:aJMhYGrd5QSmlpLMr2MftRKl7t8J8PTZPA732ud/XR8=
go.uber.org/zap v1.27.0/go.mod h1:GB2qFLM7cTU87MWRP2mPIjqfIDnGu+VIO4V/SdhGo2E=
golang.org/x/crypto v0.0.0-20190308221718-c2843e01d9a2/go.mod h1:djNgcEr1/C05ACkg1iLfiJU5Ep61QUkGW8qpdssI0+w=
golang.org/x/crypto v0.0.0-20210921155107-089bfa567519/go.mod h1:GvvjBRRGRdwPK5ydBHafDWAxML/pGHZbMvKqRZ5+Abc=
golang.org/x/mod v0.6.0-dev.0.20220419223038-86c51ed26bb4/go.mod h1:jJ57K6gSWd91VN4djpZkiMVwK6gcyfeH4XE8wZrZaV4=
golang.org/x/net v0.0.0-20190620200207-3b0461eec859/go.mod h1:z5CRVTTTmAJ677TzLLGU+0bjPO0LkuOLi4/5GtJWs/s=
golang.org/x/net v0.0.0-20210226172049-e18ecbb05110/go.mod h1:m0MpNAwzfU5UDzcl9v0D8zg8gWTRqZa9RBIspLL5mdg=
golang.org/x/net v0.0.0-20220722155237-a158d28d115b/go.mod h1:XRhObCWvk6IyKnWLug+ECip1KBveYUHfp+8e9klMJ9c=
golang.org/x/net v0.7.0/go.mod h1:2Tu9+aMcznHK/AK1HMvgo6xiTLG5rD5rZLDS+rp2Bjs=
golang.org/x/net v0.25.0 h1:d/OCCoBEUq33pjydKrGQhw7IlUPI2Oylr+8qLx49kac=
golang.org/x/net v0.25.0/go.mod h1:JkAGAh7GEvH74S6FOH42FLoXpXbE/aqXSrIQjXgsiwM=
golang.org/x/sync v0.0.0-20190423024810-112230192c58/go.mod h1:RxMgew5VJxzue5/jJTE5uejpjVlOe/izrB70Jof72aM=
golang.org/x/sync v0.0.0-20220722155255-886fb9371eb4/go.mod h1:RxMgew5VJxzue5/jJTE5uejpjVlOe/izrB70Jof72aM=
golang.org/x/sys v0.0.0-20190215142949-d0b11bdaac8a/go.mod h1:STP8DvDyc/dI5b8T5hshtkjS+E42TnysNCUPdjciGhY=
golang.org/x/sys v0.0.0-20201119102817-f84b799fce68/go.mod h1:h1NjWce9XRLGQEsW7wpKNCjG9DtNlClVuFLEZdDNbEs=
golang.org/x/sys v0.0.0-20210615035016-665e8c7367d1/go.mod h1:oPkhp1MJrh7nUepCBck5+mAzfO9JrbApNNgaTdGDITg=
golang.org/x/sys v0.0.0-20220520151302-bc2c85ada10a/go.mod h1:oPkhp1MJrh7nUepCBck5+mAzfO9JrbApNNgaTdGDITg=
golang.org/x/sys v0.0.0-20220722155257-8c9f86f7a55f/go.mod h1:oPkhp1MJrh7nUepCBck5+mAzfO9JrbApNNgaTdGDITg=
golang.org/x/sys v0.5.0/go.mod h1:oPkhp1MJrh7nUepCBck5+mAzfO9JrbApNNgaTdGDITg=
golang.org/x/term v0.0.0-20201126162022-7de9c90e9dd1/go.mod h1:bj7SfCRtBDWHUb9snDiAeCFNEtKQo2Wmx5Cou7ajbmo=
golang.org/x/term v0.0.0-20210927222741-03fcf44c2211/go.mod h1:jbD1KX2456YbFQfuXm/mYQcufACuNUgVhRMnK/tPxf8=
golang.org/x/term v0.5.0/go.mod h1:jMB1sMXY+tzblOD4FWmEbocvup2/aLOaQEp7JmGp78k=
golang.org/x/text v0.3.0/go.mod h1:NqM8EUOU14njkJ3fqMW+pc6Ldnwhi/IjpwHt7yyuwOQ=
golang.org/x/text v0.3.3/go.mod h1:5Zoc/QRtKVWzQhOtBMvqHzDpF6irO9z98xDceosuGiQ=
golang.org/x/text v0.3.7/go.mod h1:u+2+/6zg+i71rQMx5EYifcz6MCKuco9NR6JIITiCfzQ=
golang.org/x/text v0.7.0/go.mod h1:mrYo+phRRbMaCq/xk9113O4dZlRixOauAjOtrjsXDZ8=
golang.org/x/text v0.15.0 h1:h1V/4gjBv8v9cjcR6+AR5+/cIYK5N/WAgiv4xlsEtAk=
golang.org/x/text v0.15.0/go.mod h1:18ZOQIKpY8NJVqYksKHtTdi31H5itFRjB5/qKTNYzSU=
golang.org/x/tools v0.0.0-20180917221912-90fa682c2a6e/go.mod h1:n7NCudcB/nEzxVGmLbDWY5pfWTLqBcC2KZ6jyYvM4mQ=
golang.org/x/tools v0.0.0-20191119224855-298f0cb1881e/go.mod h1:b+2E5dAYhXwXZwtnZ6UAqBI28+e2cm9otk0dWdXHAEo=
golang.org/x/tools v0.1.12/go.mod h1:hNGJHUnrk76NpqgfD5Aqm5Crs+Hm0VOH/i9J2+nxYbc=
golang.org/x/xerrors v0.0.0-20190717185122-a985d3407aa7/go.mod h1:I/5z698sn9Ka8TeJc9MKroUUfqBBauWjQqLJ2OPfmY0=
gopkg.in/check.v1 v0.0.0-20161208181325-20d25e280405/go.mod h1:Co6ibVJAznAaIkqp8huTwlJQCZ016jof/cbN4VW5Yz0=
gopkg.in/yaml.v2 v2.2.8/go.mod h1:hI93XBmqTisBFMUTm0b8Fm+jr3Dg1NNxqwp+5A1VGuI=
gopkg.in/yaml.v2 v2.4.0 h1:D8xgwECY7CYvx+Y2n4sBz93Jn9JRvxdiyyo8CTfuKaY=
gopkg.in/yaml.v2 v2.4.0/go.mod h1:RDklbk79AGWmwhnvt/jBztapEOGDOx6ZbXqjP6csGnQ=
gopkg.in/yaml.v3 v3.0.1 h1:fxVm/GzAzEWqLHuvctI91KS9hhNmmWOoWu0XTYJS7CA=
gopkg.in/yaml.v3 v3.0.1/go.mod h1:K4uyk7z7BCEPqu6E+C64Yfv1cQ7kz7rIZviUmN+EgEM=
