github.com/antchfx/xmlquery v1.4.0 h1:xg2HkfcRK2TeTbdb0m1jxCYnvsPaGY/oeZWTGqX/0hA=
github.com/antchfx/xmlquery v1.4.0/go.mod h1:Ax2aeaeDjfIw3CwXKDQ0GkwZ6QlxoChlIBP+mGnDFjI=
github.com/antchfx/xpath v1.3.0 h1:nTMlzGAK3IJ0bPpME2urTuFL76o4A96iYvoKFHRXJgc=
github.com/antchfx/xpath v1.3.0/go.mod h1:i54GszH55fYfBmoZXapTHN8T8tkcHfRgLyVwwqzXNcs=
github.com/aws/aws-sdk-go-v2 v1.27.0 h1:7bZWKoXhzI+mMR/HjdMx8ZCC5+6fY0lS5tr0bbgiLlo=
github.com/aws/aws-sdk-go-v2 v1.27.0/go.mod h1:ffIFB97e2yNsv4aTSGkqtHnppsIJzw7G7BReUZ3jCXM=
github.com/aws/aws-sdk-go-v2/aws/protocol/eventstream v1.6.2 h1:x6xsQXGSmW6frevwDA+vi/wqhp1ct18mVXYN08/93to=
github.com/aws/aws-sdk-go-v2/aws/protocol/eventstream v1.6.2/go.mod h1:lPprDr1e6cJdyYeGXnRaJoP4Md+cDBvi2eOj00BlGmg=
github.com/aws/aws-sdk-go-v2/config v1.27.16 h1:knpCuH7laFVGYTNd99Ns5t+8PuRjDn4HnnZK48csipM=
github.com/aws/aws-sdk-go-v2/config v1.27.16/go.mod h1:vutqgRhDUktwSge3hrC3nkuirzkJ4E/mLj5GvI0BQas=
github.com/aws/aws-sdk-go-v2/credentials v1.17.16 h1:7d2QxY83uYl0l58ceyiSpxg9bSbStqBC6BeEeHEchwo=
github.com/aws/aws-sdk-go-v2/credentials v1.17.16/go.mod h1:Ae6li/6Yc6eMzysRL2BXlPYvnrLLBg3D11/AmOjw50k=
github.com/aws/aws-sdk-go-v2/feature/ec2/imds v1.16.3 h1:dQLK4TjtnlRGb0czOht2CevZ5l6RSyRWAnKeGd7VAFE=
github.com/aws/aws-sdk-go-v2/feature/ec2/imds v1.16.3/go.mod h1:TL79f2P6+8Q7dTsILpiVST+AL9lkF6PPGI167Ny0Cjw=
github.com/aws/aws-sdk-go-v2/feature/s3/manager v1.16.21 h1:1v8Ii0MRVGYB/sdhkbxrtolCA7Tp+lGh+5OJTs5vmZ8=
github.com/aws/aws-sdk-go-v2/feature/s3/manager v1.16.21/go.mod h1:cxdd1rc8yxCjKz28hi30XN1jDXr2DxZvD44vLxTz/bg=
github.com/aws/aws-sdk-go-v2/internal/configsources v1.3.7 h1:lf/8VTF2cM+N4SLzaYJERKEWAXq8MOMpZfU6wEPWsPk=
github.com/aws/aws-sdk-go-v2/internal/configsources v1.3.7/go.mod h1:4SjkU7QiqK2M9oozyMzfZ/23LmUY+h3oFqhdeP5OMiI=
github.com/aws/aws-sdk-go-v2/internal/endpoints/v2 v2.6.7 h1:4OYVp0705xu8yjdyoWix0r9wPIRXnIzzOoUpQVHIJ/g=
github.com/aws/aws-sdk-go-v2/internal/endpoints/v2 v2.6.7/go.mod h1:vd7ESTEvI76T2Na050gODNmNU7+OyKrIKroYTu4ABiI=
github.com/aws/aws-sdk-go-v2/internal/ini v1.8.0 h1:hT8rVHwugYE2lEfdFE0QWVo81lF7jMrYJVDWI+f+VxU=
github.com/aws/aws-sdk-go-v2/internal/ini v1.8.0/go.mod h1:8tu/lYfQfFe6IGnaOdrpVgEL2IrrDOf6/m9RQum4NkY=
github.com/aws/aws-sdk-go-v2/internal/v4a v1.3.7 h1:/FUtT3xsoHO3cfh+I/kCbcMCN98QZRsiFet/V8QkWSs=
github.com/aws/aws-sdk-go-v2/internal/v4a v1.3.7/go.mod h1:MaCAgWpGooQoCWZnMur97rGn5dp350w2+CeiV5406wE=
github.com/aws/aws-sdk-go-v2/service/internal/accept-encoding v1.11.2 h1:Ji0DY1xUsUr3I8cHps0G+XM3WWU16lP6yG8qu1GAZAs=
github.com/aws/aws-sdk-go-v2/service/internal/accept-encoding v1.11.2/go.mod h1:5CsjAbs3NlGQyZNFACh+zztPDI7fU6eW9QsxjfnuBKg=
github.com/aws/aws-sdk-go-v2/service/internal/checksum v1.3.9 h1:UXqEWQI0n+q0QixzU0yUUQBZXRd5037qdInTIHFTl98=
github.com/aws/aws-sdk-go-v2/service/internal/checksum v1.3.9/go.mod h1:xP6Gq6fzGZT8w/ZN+XvGMZ2RU1LeEs7b2yUP5DN8NY4=
github.com/aws/aws-sdk-go-v2/service/internal/presigned-url v1.11.9 h1:Wx0rlZoEJR7JwlSZcHnEa7CNjrSIyVxMFWGAaXy4fJY=
github.com/aws/aws-sdk-go-v2/service/internal/presigned-url v1.11.9/go.mod h1:aVMHdE0aHO3v+f/iw01fmXV/5DbfQ3Bi9nN7nd9bE9Y=
github.com/aws/aws-sdk-go-v2/service/internal/s3shared v1.17.7 h1:uO5XR6QGBcmPyo2gxofYJLFkcVQ4izOoGDNenlZhTEk=
github.com/aws/aws-sdk-go-v2/service/internal/s3shared v1.17.7/go.mod h1:feeeAYfAcwTReM6vbwjEyDmiGho+YgBhaFULuXDW8kc=
github.com/aws/aws-sdk-go-v2/service/s3 v1.54.3 h1:57NtjG+WLims0TxIQbjTqebZUKDM03DfM11ANAekW0s=
github.com/aws/aws-sdk-go-v2/service/s3 v1.54.3/go.mod h1:739CllldowZiPPsDFcJHNF4FXrVxaSGVnZ9Ez9Iz9hc=
github.com/aws/aws-sdk-go-v2/service/sso v1.20.9 h1:aD7AGQhvPuAxlSUfo0CWU7s6FpkbyykMhGYMvlqTjVs=
github.com/aws/aws-sdk-go-v2/service/sso v1.20.9/go.mod h1:c1qtZUWtygI6ZdvKppzCSXsDOq5I4luJPZ0Ud3juFCA=
github.com/aws/aws-sdk-go-v2/service/ssooidc v1.24.3 h1:Pav5q3cA260Zqez42T9UhIlsd9QeypszRPwC9LdSSsQ=
github.com/aws/aws-sdk-go-v2/service/ssooidc v1.24.3/go.mod h1:9lmoVDVLz/yUZwLaQ676TK02fhCu4+PgRSmMaKR1ozk=
github.com/aws/aws-sdk-go-v2/service/sts v1.28.10 h1:69tpbPED7jKPyzMcrwSvhWcJ9bPnZsZs18NT40JwM0g=
github.com/aws/aws-sdk-go-v2/service/sts v1.28.10/go.mod h1:0Aqn1MnEuitqfsCNyKsdKLhDUOr4txD/g19EfiUqgws=
github.com/aws/smithy-go v1.20.2 h1:tbp628ireGtzcHDDmLT/6ADHidqnwgF57XOXZe6tp4Q=
github.com/aws/smithy-go v1.20.2/go.mod h1:krry+ya/rV9RDcV/Q16kpu6ypI4K2czasz0NC3qS14E=
github.com/davecgh/go-spew v1.1.0/go.mod h1:J7Y8YcW2NihsgmVo/mv3lAwl/skON4iLHjSsI+c5H38=
github.com/davecgh/go-spew v1.1.1 h1:vj9j/u1bqnvCEfJOwUhtlOARqs3+rkHYY13jYWTU97c=
github.com/davecgh/go-spew v1.1.1/go.mod h1:J7Y8YcW2NihsgmVo/mv3lAwl/skON4iLHjSsI+c5H38=
github.com/deploymenttheory/go-api-http-client v0.1.43-0.20240610101509-1dcd3ec33de9 h1:vxO+/NiZJv6Nf5alcsyUvnwfGLJsaMozEu7Is3knwkE=
github.com/deploymenttheory/go-api-http-client v0.1.43-0.20240610101509-1dcd3ec33de9/go.mod h1:TklvebSWsTMvuAxjv4DluVdPu3JecnnL4EU0k27L2Hw=
github.com/deploymenttheory/go-api-http-client v0.1.54-0.20240610142523-bb237a87b2a3 h1:4kkdPQp63oBnWt+wqCTq2a0e5Qxa4SNSed0FDR/pBQc=
github.com/deploymenttheory/go-api-http-client v0.1.54-0.20240610142523-bb237a87b2a3/go.mod h1:iBeqlY+nPQmjNj/4YxIShUql/dTSEwBh8FvjJWcO8HU=
github.com/deploymenttheory/go-api-http-client v0.1.54-0.20240610143028-faa6da9a04d7 h1:PneKHScM/mkCTTMNPlFC9RG+tuRMYKo0PyqO3yl5XIw=
github.com/deploymenttheory/go-api-http-client v0.1.54-0.20240610143028-faa6da9a04d7/go.mod h1:iBeqlY+nPQmjNj/4YxIShUql/dTSEwBh8FvjJWcO8HU=
github.com/deploymenttheory/go-api-http-client v0.1.54-0.20240610143233-195a2f919bb8 h1:pgfOXcrcG77pZRpk3GyEZAvVoCbYdoeBwZs6FEIP1gU=
github.com/deploymenttheory/go-api-http-client v0.1.54-0.20240610143233-195a2f919bb8/go.mod h1:iBeqlY+nPQmjNj/4YxIShUql/dTSEwBh8FvjJWcO8HU=
github.com/deploymenttheory/go-api-http-client v0.1.54-0.20240610143654-ab0956898b66 h1:NOMS9PCrMWrROHj6CcKYiMs4mWR5BSUrbASGH7+SfgQ=
github.com/deploymenttheory/go-api-http-client v0.1.54-0.20240610143654-ab0956898b66/go.mod h1:iBeqlY+nPQmjNj/4YxIShUql/dTSEwBh8FvjJWcO8HU=
github.com/deploymenttheory/go-api-http-client v0.1.54-0.20240610144049-c5e5a89798f5 h1:Cr+4/Yh0tWoWoxhBMYwqeli/WFoVoPMqByzgUsUZkEI=
github.com/deploymenttheory/go-api-http-client v0.1.54-0.20240610144049-c5e5a89798f5/go.mod h1:iBeqlY+nPQmjNj/4YxIShUql/dTSEwBh8FvjJWcO8HU=
github.com/deploymenttheory/go-api-http-client v0.1.54-0.20240610144315-82b83334e8bd h1:r5x+SG8NTMhwHrVkGBJ9Thqq3gqv/NcO1ampXsZ1VE4=
github.com/deploymenttheory/go-api-http-client v0.1.54-0.20240610144315-82b83334e8bd/go.mod h1:iBeqlY+nPQmjNj/4YxIShUql/dTSEwBh8FvjJWcO8HU=
github.com/deploymenttheory/go-api-http-client v0.1.54-0.20240610144644-030eb85c845d h1:MfFwBt4KPZJT43Bp/eP34hQ3A5A07Xl9jRIFYPROlpA=
github.com/deploymenttheory/go-api-http-client v0.1.54-0.20240610144644-030eb85c845d/go.mod h1:iBeqlY+nPQmjNj/4YxIShUql/dTSEwBh8FvjJWcO8HU=
github.com/deploymenttheory/go-api-http-client v0.1.54-0.20240610144903-0c10fff3b490 h1:e4mwPrJwtc1m9VXWW0c0uxPTpY+68FYcAAG74M0CoZE=
github.com/deploymenttheory/go-api-http-client v0.1.54-0.20240610144903-0c10fff3b490/go.mod h1:iBeqlY+nPQmjNj/4YxIShUql/dTSEwBh8FvjJWcO8HU=
github.com/deploymenttheory/go-api-http-client v0.1.54-0.20240610145020-96652c9103c1 h1:JaFms1gsh9M7BeUeCVZGwwEP/0uTFhihnRQpqdOLn8k=
github.com/deploymenttheory/go-api-http-client v0.1.54-0.20240610145020-96652c9103c1/go.mod h1:iBeqlY+nPQmjNj/4YxIShUql/dTSEwBh8FvjJWcO8HU=
github.com/deploymenttheory/go-api-http-client-integration-jamfpro v0.0.0-20240610101515-ec92e876af79 h1:Xu8TFC2MnDha8nm13jv8t+3IiiwPGDRRjduND1Q0yYQ=
github.com/deploymenttheory/go-api-http-client-integration-jamfpro v0.0.0-20240610101515-ec92e876af79/go.mod h1:HtWjuOyC7PoMv3HrpT4OBUNBOVg+Pf6bSjLVm98vU0A=
github.com/deploymenttheory/go-api-http-client-integration-jamfpro v0.0.0-20240610104743-dae7b9ab128c h1:8PpAsenP2q3dkWib3+KKpMhf5gbfdOpKvsL1avfyciQ=
github.com/deploymenttheory/go-api-http-client-integration-jamfpro v0.0.0-20240610104743-dae7b9ab128c/go.mod h1:HtWjuOyC7PoMv3HrpT4OBUNBOVg+Pf6bSjLVm98vU0A=
github.com/deploymenttheory/go-api-http-client-integration-jamfpro v0.0.0-20240610113433-c30091e8a878 h1:L+tPP1Sn2ml0QN2q3PqsDCutFQMgnoakJOoGAtP8rE4=
github.com/deploymenttheory/go-api-http-client-integration-jamfpro v0.0.0-20240610113433-c30091e8a878/go.mod h1:HtWjuOyC7PoMv3HrpT4OBUNBOVg+Pf6bSjLVm98vU0A=
github.com/deploymenttheory/go-api-http-client-integration-jamfpro v0.0.0-20240610113815-2a1e88eae0d9 h1:bNNTRgOG304UrEa7tmbRYQPqhJEYj9OrIQ6e2av09DM=
github.com/deploymenttheory/go-api-http-client-integration-jamfpro v0.0.0-20240610113815-2a1e88eae0d9/go.mod h1:HtWjuOyC7PoMv3HrpT4OBUNBOVg+Pf6bSjLVm98vU0A=
github.com/deploymenttheory/go-api-http-client-integration-jamfpro v0.0.0-20240610114239-71d7b7cac878 h1:Du8VgxhuOR/xNOPEs0gOWS62T+Xqd6xytu28h0v1duU=
github.com/deploymenttheory/go-api-http-client-integration-jamfpro v0.0.0-20240610114239-71d7b7cac878/go.mod h1:HtWjuOyC7PoMv3HrpT4OBUNBOVg+Pf6bSjLVm98vU0A=
github.com/deploymenttheory/go-api-http-client-integration-jamfpro v0.0.0-20240610114904-a8b598ad55f7 h1:uWVB0JjAFivetIepp3XFV1UNPE9zqR/bikjsih31VU8=
github.com/deploymenttheory/go-api-http-client-integration-jamfpro v0.0.0-20240610114904-a8b598ad55f7/go.mod h1:HtWjuOyC7PoMv3HrpT4OBUNBOVg+Pf6bSjLVm98vU0A=
github.com/deploymenttheory/go-api-http-client-integration-jamfpro v0.0.0-20240610122321-12772c546be2 h1:OOzQiJR0ChhAnEOBw9dVDPY92GjRoS87BeQQmR8EeYw=
github.com/deploymenttheory/go-api-http-client-integration-jamfpro v0.0.0-20240610122321-12772c546be2/go.mod h1:HtWjuOyC7PoMv3HrpT4OBUNBOVg+Pf6bSjLVm98vU0A=
github.com/deploymenttheory/go-api-http-client-integration-jamfpro v0.0.0-20240610122412-8548c7669075 h1:jtV8ZwDFm2DqG0X2tCTLGwkUcy5IozCPSAjNnDsBmlM=
github.com/deploymenttheory/go-api-http-client-integration-jamfpro v0.0.0-20240610122412-8548c7669075/go.mod h1:HtWjuOyC7PoMv3HrpT4OBUNBOVg+Pf6bSjLVm98vU0A=
github.com/deploymenttheory/go-api-http-client-integration-jamfpro v0.0.0-20240610122657-93e0ceb4f3a0 h1:HXyiKsyXbh1K1NRyANyv+UUOXCWJlrovkYM5ejnp8q0=
github.com/deploymenttheory/go-api-http-client-integration-jamfpro v0.0.0-20240610122657-93e0ceb4f3a0/go.mod h1:HtWjuOyC7PoMv3HrpT4OBUNBOVg+Pf6bSjLVm98vU0A=
github.com/deploymenttheory/go-api-http-client-integration-jamfpro v0.0.0-20240610123001-fcc4843ef8d7 h1:MVtZzmEsCNxVjUz3IjtV26YO81iM000wgyCCYDwOPlI=
github.com/deploymenttheory/go-api-http-client-integration-jamfpro v0.0.0-20240610123001-fcc4843ef8d7/go.mod h1:HtWjuOyC7PoMv3HrpT4OBUNBOVg+Pf6bSjLVm98vU0A=
github.com/deploymenttheory/go-api-http-client-integration-jamfpro v0.0.0-20240610123128-ca6a0efc12c1 h1:Z0GBDghMDjLMHznJSw2LX2iLOQmCKYN7RtcifBU6SbE=
github.com/deploymenttheory/go-api-http-client-integration-jamfpro v0.0.0-20240610123128-ca6a0efc12c1/go.mod h1:HtWjuOyC7PoMv3HrpT4OBUNBOVg+Pf6bSjLVm98vU0A=
github.com/deploymenttheory/go-api-http-client-integration-jamfpro v0.0.0-20240610123318-78bb3b70dde9 h1:94HpkEpsU5wKmgyZ3LZnq2hUnf1OL3uxxQDHgWVm9bQ=
github.com/deploymenttheory/go-api-http-client-integration-jamfpro v0.0.0-20240610123318-78bb3b70dde9/go.mod h1:HtWjuOyC7PoMv3HrpT4OBUNBOVg+Pf6bSjLVm98vU0A=
github.com/deploymenttheory/go-api-http-client-integration-jamfpro v0.0.0-20240610125011-405c170db920 h1:lSpZdPNYHIYmlP0wb87BJcwZppq6Hu1ZKlV9mHRy12k=
github.com/deploymenttheory/go-api-http-client-integration-jamfpro v0.0.0-20240610125011-405c170db920/go.mod h1:HtWjuOyC7PoMv3HrpT4OBUNBOVg+Pf6bSjLVm98vU0A=
github.com/deploymenttheory/go-api-http-client-integration-jamfpro v0.0.0-20240610125221-cfa053544877 h1:YaUmmJmDx4ilxIKzIUfUKxFANuPziuX7DQ+5PJThqYs=
github.com/deploymenttheory/go-api-http-client-integration-jamfpro v0.0.0-20240610125221-cfa053544877/go.mod h1:HtWjuOyC7PoMv3HrpT4OBUNBOVg+Pf6bSjLVm98vU0A=
github.com/deploymenttheory/go-api-http-client-integration-jamfpro v0.0.0-20240610130038-d56027d586dd h1:0Qbj8/RaMHyMjob8ycdEOvlXOaYwbdHYDtmcsbtXuEI=
github.com/deploymenttheory/go-api-http-client-integration-jamfpro v0.0.0-20240610130038-d56027d586dd/go.mod h1:HtWjuOyC7PoMv3HrpT4OBUNBOVg+Pf6bSjLVm98vU0A=
github.com/deploymenttheory/go-api-http-client-integration-jamfpro v0.0.0-20240610130122-34364932d5f1 h1:+jUQqlJxqC9G7RdQKi08y8BZXrq0roNLQyH7ndapL10=
github.com/deploymenttheory/go-api-http-client-integration-jamfpro v0.0.0-20240610130122-34364932d5f1/go.mod h1:HtWjuOyC7PoMv3HrpT4OBUNBOVg+Pf6bSjLVm98vU0A=
github.com/deploymenttheory/go-api-http-client-integration-jamfpro v0.0.0-20240610130340-4e9f9d7f85df h1:Y3agc7Pw9qapq6feN4n25keRYAGCkyDdaYOhTYAULUU=
github.com/deploymenttheory/go-api-http-client-integration-jamfpro v0.0.0-20240610130340-4e9f9d7f85df/go.mod h1:HtWjuOyC7PoMv3HrpT4OBUNBOVg+Pf6bSjLVm98vU0A=
github.com/deploymenttheory/go-api-http-client-integration-jamfpro v0.0.0-20240610130504-6cd633c44351 h1:vqT51dMDBxq0PGVi0+vLkVHlMvGDmNU5ujdvFUcyq8E=
github.com/deploymenttheory/go-api-http-client-integration-jamfpro v0.0.0-20240610130504-6cd633c44351/go.mod h1:HtWjuOyC7PoMv3HrpT4OBUNBOVg+Pf6bSjLVm98vU0A=
github.com/deploymenttheory/go-api-http-client-integration-jamfpro v0.0.0-20240610130617-3a4a9ba181cc h1:XIb0dMMYMtIApiZrrNZ5SYn8RuYCeRsnDSFGlTvtTy4=
github.com/deploymenttheory/go-api-http-client-integration-jamfpro v0.0.0-20240610130617-3a4a9ba181cc/go.mod h1:HtWjuOyC7PoMv3HrpT4OBUNBOVg+Pf6bSjLVm98vU0A=
github.com/deploymenttheory/go-api-http-client-integration-jamfpro v0.0.0-20240610130720-47c90b3fbe93 h1:GY0W+sz1C92b5lxd2/ti+Ze74Qi7+10SJR2ylg089dw=
github.com/deploymenttheory/go-api-http-client-integration-jamfpro v0.0.0-20240610130720-47c90b3fbe93/go.mod h1:HtWjuOyC7PoMv3HrpT4OBUNBOVg+Pf6bSjLVm98vU0A=
github.com/deploymenttheory/go-api-http-client-integration-jamfpro v0.0.0-20240610130924-1022cca01a1f h1:Gu78SPy0RQRO6b81ys1Upq+keq5WWphQKTc7gvOBRek=
github.com/deploymenttheory/go-api-http-client-integration-jamfpro v0.0.0-20240610130924-1022cca01a1f/go.mod h1:HtWjuOyC7PoMv3HrpT4OBUNBOVg+Pf6bSjLVm98vU0A=
github.com/deploymenttheory/go-api-http-client-integration-jamfpro v0.0.0-20240610131735-4154a64d9603 h1:ElqHdhIOAcGaJH5JKVTEQuEvYp5JltyDTzuEyZyQafg=
github.com/deploymenttheory/go-api-http-client-integration-jamfpro v0.0.0-20240610131735-4154a64d9603/go.mod h1:HtWjuOyC7PoMv3HrpT4OBUNBOVg+Pf6bSjLVm98vU0A=
github.com/deploymenttheory/go-api-http-client-integration-jamfpro v0.0.0-20240610131851-aa1f1bb5b643 h1:3DpeNq/TM6lbdlq8K7PkA0DXZTLlxwDDINtNDbWd+74=
github.com/deploymenttheory/go-api-http-client-integration-jamfpro v0.0.0-20240610131851-aa1f1bb5b643/go.mod h1:HtWjuOyC7PoMv3HrpT4OBUNBOVg+Pf6bSjLVm98vU0A=
github.com/deploymenttheory/go-api-http-client-integration-jamfpro v0.0.0-20240610133937-4d0f9f3bcf20 h1:bIMJmzGFu9SBpuCwzotQvJ+rjPYwoeqNaoUsHNwL/OM=
github.com/deploymenttheory/go-api-http-client-integration-jamfpro v0.0.0-20240610133937-4d0f9f3bcf20/go.mod h1:HtWjuOyC7PoMv3HrpT4OBUNBOVg+Pf6bSjLVm98vU0A=
github.com/deploymenttheory/go-api-http-client-integration-jamfpro v0.0.0-20240610134117-47116ba3f918 h1:r2+3BCCYvf0Oi3SGVrj29LF7MlgUamcqdhnfsYT/80Q=
github.com/deploymenttheory/go-api-http-client-integration-jamfpro v0.0.0-20240610134117-47116ba3f918/go.mod h1:HtWjuOyC7PoMv3HrpT4OBUNBOVg+Pf6bSjLVm98vU0A=
github.com/deploymenttheory/go-api-http-client-integration-jamfpro v0.0.0-20240610134357-802526637b5a h1:b3ckb36+etM291bkBxOO3cMN50WAaV1FiETJ48Fhr8g=
github.com/deploymenttheory/go-api-http-client-integration-jamfpro v0.0.0-20240610134357-802526637b5a/go.mod h1:57h5+i4v167pAEg6fLwJ0r0obHguEh15v2fNasqUl7Y=
github.com/deploymenttheory/go-api-http-client-integration-jamfpro v0.0.0-20240610142526-769f07834f50 h1:wGwI8cpfDAnnMYAX5cJE/TJaIb/oQN4Nyzrfrtcj1Og=
github.com/deploymenttheory/go-api-http-client-integration-jamfpro v0.0.0-20240610142526-769f07834f50/go.mod h1:57h5+i4v167pAEg6fLwJ0r0obHguEh15v2fNasqUl7Y=
github.com/deploymenttheory/go-api-sdk-jamfpro v1.6.15 h1:NnyVD/rEl37XT5l13ZMOC2b8f0FM7qEnB4KVb0AaOM4=
github.com/deploymenttheory/go-api-sdk-jamfpro v1.6.15/go.mod h1:u6g0GLByNpVtF7o6uSJBM1rl9FZPizANTa6FnCgwXqs=
github.com/deploymenttheory/go-api-sdk-jamfpro v1.7.2-0.20240610104259-0b9b31d08ba9 h1:BeJSBZgMkXBuQZCLwADblkdhIyrbegVgdwBaBzQGdVo=
github.com/deploymenttheory/go-api-sdk-jamfpro v1.7.2-0.20240610104259-0b9b31d08ba9/go.mod h1:DkazqUFigtB4371OrQhG8xkKxrrIUw+oI2v7MtOm6qE=
github.com/golang/groupcache v0.0.0-20210331224755-41bb18bfe9da h1:oI5xCqsCo564l8iNU+DwB5epxmsaqB+rhGL0m5jtYqE=
github.com/golang/groupcache v0.0.0-20210331224755-41bb18bfe9da/go.mod h1:cIg4eruTrX1D+g88fzRXU5OdNfaM+9IcxsU14FzY7Hc=
github.com/google/uuid v1.6.0 h1:NIvaJDMOsjHA8n1jAhLSgzrAzy1Hgr+hNrb57e+94F0=
github.com/google/uuid v1.6.0/go.mod h1:TIyPZe4MgqvfeYDBFedMoGGpEw/LqOeaOT+nhxU+yHo=
github.com/jmespath/go-jmespath v0.4.0 h1:BEgLn5cpjn8UN1mAw4NjwDrS35OdebyEtFe+9YPoQUg=
github.com/jmespath/go-jmespath v0.4.0/go.mod h1:T8mJZnbsbmF+m6zOOFylbeCJqk5+pHWvzYPziyZiYoo=
github.com/jmespath/go-jmespath/internal/testify v1.5.1 h1:shLQSRRSCCPj3f2gpwzGwWFoC7ycTf1rcQZHOlsJ6N8=
github.com/jmespath/go-jmespath/internal/testify v1.5.1/go.mod h1:L3OGu8Wl2/fWfCI6z80xFu9LTZmf1ZRjMHUOPmWr69U=
github.com/mitchellh/mapstructure v1.5.0 h1:jeMsZIYE/09sWLaz43PL7Gy6RuMjD2eJVyuac5Z2hdY=
github.com/mitchellh/mapstructure v1.5.0/go.mod h1:bFUtVrKA4DC2yAKiSyO/QUcy7e+RRV2QTWOzhPopBRo=
github.com/pmezard/go-difflib v1.0.0 h1:4DBwDE0NGyQoBHbLQYPwSUPoCMWR5BEzIk/f1lZbAQM=
github.com/pmezard/go-difflib v1.0.0/go.mod h1:iKH77koFhYxTK1pcRnkKkqfTogsbg7gZNVY4sRDYZ/4=
github.com/stretchr/objx v0.1.0/go.mod h1:HFkY916IF+rwdDfMAkV7OtwuqBVzrE8GR6GFx+wExME=
github.com/stretchr/objx v0.5.2 h1:xuMeJ0Sdp5ZMRXx/aWO6RZxdr3beISkG5/G/aIRr3pY=
github.com/stretchr/objx v0.5.2/go.mod h1:FRsXN1f5AsAjCGJKqEizvkpNtU+EGNCLh3NxZ/8L+MA=
github.com/stretchr/testify v1.9.0 h1:HtqpIVDClZ4nwg75+f6Lvsy/wHu+3BoSGCbBAcpTsTg=
github.com/stretchr/testify v1.9.0/go.mod h1:r2ic/lqez/lEtzL7wO/rwa5dbSLXVDPFyf8C91i36aY=
github.com/yuin/goldmark v1.4.13/go.mod h1:6yULJ656Px+3vBD8DxQVa3kxgyrAnzto9xy5taEt/CY=
go.uber.org/goleak v1.3.0 h1:2K3zAYmnTNqV73imy9J1T3WC+gmCePx2hEGkimedGto=
go.uber.org/goleak v1.3.0/go.mod h1:CoHD4mav9JJNrW/WLlf7HGZPjdw8EucARQHekz1X6bE=
go.uber.org/multierr v1.11.0 h1:blXXJkSxSSfBVBlC76pxqeO+LN3aDfLQo+309xJstO0=
go.uber.org/multierr v1.11.0/go.mod h1:20+QtiLqy0Nd6FdQB9TLXag12DsQkrbs3htMFfDN80Y=
go.uber.org/zap v1.27.0 h1:aJMhYGrd5QSmlpLMr2MftRKl7t8J8PTZPA732ud/XR8=
go.uber.org/zap v1.27.0/go.mod h1:GB2qFLM7cTU87MWRP2mPIjqfIDnGu+VIO4V/SdhGo2E=
golang.org/x/crypto v0.0.0-20190308221718-c2843e01d9a2/go.mod h1:djNgcEr1/C05ACkg1iLfiJU5Ep61QUkGW8qpdssI0+w=
golang.org/x/crypto v0.0.0-20210921155107-089bfa567519/go.mod h1:GvvjBRRGRdwPK5ydBHafDWAxML/pGHZbMvKqRZ5+Abc=
golang.org/x/mod v0.6.0-dev.0.20220419223038-86c51ed26bb4/go.mod h1:jJ57K6gSWd91VN4djpZkiMVwK6gcyfeH4XE8wZrZaV4=
golang.org/x/net v0.0.0-20190620200207-3b0461eec859/go.mod h1:z5CRVTTTmAJ677TzLLGU+0bjPO0LkuOLi4/5GtJWs/s=
golang.org/x/net v0.0.0-20210226172049-e18ecbb05110/go.mod h1:m0MpNAwzfU5UDzcl9v0D8zg8gWTRqZa9RBIspLL5mdg=
golang.org/x/net v0.0.0-20220722155237-a158d28d115b/go.mod h1:XRhObCWvk6IyKnWLug+ECip1KBveYUHfp+8e9klMJ9c=
golang.org/x/net v0.7.0/go.mod h1:2Tu9+aMcznHK/AK1HMvgo6xiTLG5rD5rZLDS+rp2Bjs=
golang.org/x/net v0.25.0 h1:d/OCCoBEUq33pjydKrGQhw7IlUPI2Oylr+8qLx49kac=
golang.org/x/net v0.25.0/go.mod h1:JkAGAh7GEvH74S6FOH42FLoXpXbE/aqXSrIQjXgsiwM=
golang.org/x/sync v0.0.0-20190423024810-112230192c58/go.mod h1:RxMgew5VJxzue5/jJTE5uejpjVlOe/izrB70Jof72aM=
golang.org/x/sync v0.0.0-20220722155255-886fb9371eb4/go.mod h1:RxMgew5VJxzue5/jJTE5uejpjVlOe/izrB70Jof72aM=
golang.org/x/sys v0.0.0-20190215142949-d0b11bdaac8a/go.mod h1:STP8DvDyc/dI5b8T5hshtkjS+E42TnysNCUPdjciGhY=
golang.org/x/sys v0.0.0-20201119102817-f84b799fce68/go.mod h1:h1NjWce9XRLGQEsW7wpKNCjG9DtNlClVuFLEZdDNbEs=
golang.org/x/sys v0.0.0-20210615035016-665e8c7367d1/go.mod h1:oPkhp1MJrh7nUepCBck5+mAzfO9JrbApNNgaTdGDITg=
golang.org/x/sys v0.0.0-20220520151302-bc2c85ada10a/go.mod h1:oPkhp1MJrh7nUepCBck5+mAzfO9JrbApNNgaTdGDITg=
golang.org/x/sys v0.0.0-20220722155257-8c9f86f7a55f/go.mod h1:oPkhp1MJrh7nUepCBck5+mAzfO9JrbApNNgaTdGDITg=
golang.org/x/sys v0.5.0/go.mod h1:oPkhp1MJrh7nUepCBck5+mAzfO9JrbApNNgaTdGDITg=
golang.org/x/term v0.0.0-20201126162022-7de9c90e9dd1/go.mod h1:bj7SfCRtBDWHUb9snDiAeCFNEtKQo2Wmx5Cou7ajbmo=
golang.org/x/term v0.0.0-20210927222741-03fcf44c2211/go.mod h1:jbD1KX2456YbFQfuXm/mYQcufACuNUgVhRMnK/tPxf8=
golang.org/x/term v0.5.0/go.mod h1:jMB1sMXY+tzblOD4FWmEbocvup2/aLOaQEp7JmGp78k=
golang.org/x/text v0.3.0/go.mod h1:NqM8EUOU14njkJ3fqMW+pc6Ldnwhi/IjpwHt7yyuwOQ=
golang.org/x/text v0.3.3/go.mod h1:5Zoc/QRtKVWzQhOtBMvqHzDpF6irO9z98xDceosuGiQ=
golang.org/x/text v0.3.7/go.mod h1:u+2+/6zg+i71rQMx5EYifcz6MCKuco9NR6JIITiCfzQ=
golang.org/x/text v0.7.0/go.mod h1:mrYo+phRRbMaCq/xk9113O4dZlRixOauAjOtrjsXDZ8=
golang.org/x/text v0.16.0 h1:a94ExnEXNtEwYLGJSIUxnWoxoRz/ZcCsV63ROupILh4=
golang.org/x/text v0.16.0/go.mod h1:GhwF1Be+LQoKShO3cGOHzqOgRrGaYc9AvblQOmPVHnI=
golang.org/x/tools v0.0.0-20180917221912-90fa682c2a6e/go.mod h1:n7NCudcB/nEzxVGmLbDWY5pfWTLqBcC2KZ6jyYvM4mQ=
golang.org/x/tools v0.0.0-20191119224855-298f0cb1881e/go.mod h1:b+2E5dAYhXwXZwtnZ6UAqBI28+e2cm9otk0dWdXHAEo=
golang.org/x/tools v0.1.12/go.mod h1:hNGJHUnrk76NpqgfD5Aqm5Crs+Hm0VOH/i9J2+nxYbc=
golang.org/x/xerrors v0.0.0-20190717185122-a985d3407aa7/go.mod h1:I/5z698sn9Ka8TeJc9MKroUUfqBBauWjQqLJ2OPfmY0=
gopkg.in/check.v1 v0.0.0-20161208181325-20d25e280405/go.mod h1:Co6ibVJAznAaIkqp8huTwlJQCZ016jof/cbN4VW5Yz0=
gopkg.in/yaml.v2 v2.2.8/go.mod h1:hI93XBmqTisBFMUTm0b8Fm+jr3Dg1NNxqwp+5A1VGuI=
gopkg.in/yaml.v2 v2.4.0 h1:D8xgwECY7CYvx+Y2n4sBz93Jn9JRvxdiyyo8CTfuKaY=
gopkg.in/yaml.v2 v2.4.0/go.mod h1:RDklbk79AGWmwhnvt/jBztapEOGDOx6ZbXqjP6csGnQ=
gopkg.in/yaml.v3 v3.0.1 h1:fxVm/GzAzEWqLHuvctI91KS9hhNmmWOoWu0XTYJS7CA=
gopkg.in/yaml.v3 v3.0.1/go.mod h1:K4uyk7z7BCEPqu6E+C64Yfv1cQ7kz7rIZviUmN+EgEM=
